// !$*UTF8*$!
{
	archiveVersion = 1;
	classes = {
	};
	objectVersion = 56;
	objects = {

/* Begin PBXBuildFile section */
		5773530629E2183400478E14 /* AppDelegate.swift in Sources */ = {isa = PBXBuildFile; fileRef = 5773530529E2183400478E14 /* AppDelegate.swift */; };
		5773530829E2183400478E14 /* SceneDelegate.swift in Sources */ = {isa = PBXBuildFile; fileRef = 5773530729E2183400478E14 /* SceneDelegate.swift */; };
		5773530D29E2183400478E14 /* Main.storyboard in Resources */ = {isa = PBXBuildFile; fileRef = 5773530B29E2183400478E14 /* Main.storyboard */; };
		5773530F29E2183500478E14 /* Assets.xcassets in Resources */ = {isa = PBXBuildFile; fileRef = 5773530E29E2183500478E14 /* Assets.xcassets */; };
		5773531229E2183500478E14 /* LaunchScreen.storyboard in Resources */ = {isa = PBXBuildFile; fileRef = 5773531029E2183500478E14 /* LaunchScreen.storyboard */; };
		5773531D29E2183600478E14 /* PhotosRetrieverTests.swift in Sources */ = {isa = PBXBuildFile; fileRef = 5773531C29E2183600478E14 /* PhotosRetrieverTests.swift */; };
		5773532729E2183600478E14 /* PhotosRetrieverUITests.swift in Sources */ = {isa = PBXBuildFile; fileRef = 5773532629E2183600478E14 /* PhotosRetrieverUITests.swift */; };
		5773532929E2183600478E14 /* PhotosRetrieverUITestsLaunchTests.swift in Sources */ = {isa = PBXBuildFile; fileRef = 5773532829E2183600478E14 /* PhotosRetrieverUITestsLaunchTests.swift */; };
		5773533629E21C8A00478E14 /* HTTPMethods.swift in Sources */ = {isa = PBXBuildFile; fileRef = 5773533529E21C8A00478E14 /* HTTPMethods.swift */; };
		5773533B29E21CED00478E14 /* NetworkError.swift in Sources */ = {isa = PBXBuildFile; fileRef = 5773533A29E21CED00478E14 /* NetworkError.swift */; };
		5773533E29E21D2C00478E14 /* APIRequestProtocol.swift in Sources */ = {isa = PBXBuildFile; fileRef = 5773533D29E21D2C00478E14 /* APIRequestProtocol.swift */; };
		5773534129E21DE700478E14 /* APIClientProtocol.swift in Sources */ = {isa = PBXBuildFile; fileRef = 5773534029E21DE700478E14 /* APIClientProtocol.swift */; };
		5773534529E2242500478E14 /* PhotosAPIClient.swift in Sources */ = {isa = PBXBuildFile; fileRef = 5773534429E2242500478E14 /* PhotosAPIClient.swift */; };
		5773534929E224E100478E14 /* Photo.swift in Sources */ = {isa = PBXBuildFile; fileRef = 5773534829E224E100478E14 /* Photo.swift */; };
		5773534C29E22DBF00478E14 /* PhotosRequests.swift in Sources */ = {isa = PBXBuildFile; fileRef = 5773534B29E22DBF00478E14 /* PhotosRequests.swift */; };
		5773534F29E231ED00478E14 /* PhotosDataStoreProtocol.swift in Sources */ = {isa = PBXBuildFile; fileRef = 5773534E29E231ED00478E14 /* PhotosDataStoreProtocol.swift */; };
		5773535129E2328500478E14 /* RemotePhotosDataStore.swift in Sources */ = {isa = PBXBuildFile; fileRef = 5773535029E2328500478E14 /* RemotePhotosDataStore.swift */; };
		5773535429E233F200478E14 /* PhotosRepositroy.swift in Sources */ = {isa = PBXBuildFile; fileRef = 5773535329E233F200478E14 /* PhotosRepositroy.swift */; };
		5773535829E235F900478E14 /* ListItem.swift in Sources */ = {isa = PBXBuildFile; fileRef = 5773535729E235F900478E14 /* ListItem.swift */; };
		5773535B29E236C900478E14 /* PhotosListBuilder.swift in Sources */ = {isa = PBXBuildFile; fileRef = 5773535A29E236C900478E14 /* PhotosListBuilder.swift */; };
		5773535E29E23A4F00478E14 /* PhotosListInteractor.swift in Sources */ = {isa = PBXBuildFile; fileRef = 5773535D29E23A4F00478E14 /* PhotosListInteractor.swift */; };
		5773536129E23E3000478E14 /* PhotosListPresenter.swift in Sources */ = {isa = PBXBuildFile; fileRef = 5773536029E23E3000478E14 /* PhotosListPresenter.swift */; };
		5773536529E23F9300478E14 /* Collection+PhotosRetriever.swift in Sources */ = {isa = PBXBuildFile; fileRef = 5773536429E23F9300478E14 /* Collection+PhotosRetriever.swift */; };
		5773536829E241EB00478E14 /* PhotosListViewController.swift in Sources */ = {isa = PBXBuildFile; fileRef = 5773536729E241EB00478E14 /* PhotosListViewController.swift */; };
		5773536C29E2436000478E14 /* PhotoTableViewCell.swift in Sources */ = {isa = PBXBuildFile; fileRef = 5773536A29E2436000478E14 /* PhotoTableViewCell.swift */; };
		5773536D29E2436000478E14 /* PhotoTableViewCell.xib in Resources */ = {isa = PBXBuildFile; fileRef = 5773536B29E2436000478E14 /* PhotoTableViewCell.xib */; };
		57D4C80629E2469E004B4172 /* UIImage+PhotosRetriever.swift in Sources */ = {isa = PBXBuildFile; fileRef = 57D4C80529E2469E004B4172 /* UIImage+PhotosRetriever.swift */; };
		57D4C80929E2613D004B4172 /* ImageDownloader.swift in Sources */ = {isa = PBXBuildFile; fileRef = 57D4C80829E2613D004B4172 /* ImageDownloader.swift */; };
		57D4C80B29E2630C004B4172 /* ImageCacher.swift in Sources */ = {isa = PBXBuildFile; fileRef = 57D4C80A29E2630C004B4172 /* ImageCacher.swift */; };
		57D4C80D29E263C4004B4172 /* DownloaderImageView.swift in Sources */ = {isa = PBXBuildFile; fileRef = 57D4C80C29E263C4004B4172 /* DownloaderImageView.swift */; };
		57D4C81129E26F05004B4172 /* DominantColorDetector.swift in Sources */ = {isa = PBXBuildFile; fileRef = 57D4C81029E26F05004B4172 /* DominantColorDetector.swift */; };
/* End PBXBuildFile section */

/* Begin PBXContainerItemProxy section */
		5773531929E2183600478E14 /* PBXContainerItemProxy */ = {
			isa = PBXContainerItemProxy;
			containerPortal = 577352FA29E2183400478E14 /* Project object */;
			proxyType = 1;
			remoteGlobalIDString = 5773530129E2183400478E14;
			remoteInfo = PhotosRetriever;
		};
		5773532329E2183600478E14 /* PBXContainerItemProxy */ = {
			isa = PBXContainerItemProxy;
			containerPortal = 577352FA29E2183400478E14 /* Project object */;
			proxyType = 1;
			remoteGlobalIDString = 5773530129E2183400478E14;
			remoteInfo = PhotosRetriever;
		};
/* End PBXContainerItemProxy section */

/* Begin PBXFileReference section */
		5773530229E2183400478E14 /* PhotosRetriever.app */ = {isa = PBXFileReference; explicitFileType = wrapper.application; includeInIndex = 0; path = PhotosRetriever.app; sourceTree = BUILT_PRODUCTS_DIR; };
		5773530529E2183400478E14 /* AppDelegate.swift */ = {isa = PBXFileReference; lastKnownFileType = sourcecode.swift; path = AppDelegate.swift; sourceTree = "<group>"; };
		5773530729E2183400478E14 /* SceneDelegate.swift */ = {isa = PBXFileReference; lastKnownFileType = sourcecode.swift; path = SceneDelegate.swift; sourceTree = "<group>"; };
		5773530C29E2183400478E14 /* Base */ = {isa = PBXFileReference; lastKnownFileType = file.storyboard; name = Base; path = Base.lproj/Main.storyboard; sourceTree = "<group>"; };
		5773530E29E2183500478E14 /* Assets.xcassets */ = {isa = PBXFileReference; lastKnownFileType = folder.assetcatalog; path = Assets.xcassets; sourceTree = "<group>"; };
		5773531129E2183500478E14 /* Base */ = {isa = PBXFileReference; lastKnownFileType = file.storyboard; name = Base; path = Base.lproj/LaunchScreen.storyboard; sourceTree = "<group>"; };
		5773531329E2183500478E14 /* Info.plist */ = {isa = PBXFileReference; lastKnownFileType = text.plist.xml; path = Info.plist; sourceTree = "<group>"; };
		5773531829E2183600478E14 /* PhotosRetrieverTests.xctest */ = {isa = PBXFileReference; explicitFileType = wrapper.cfbundle; includeInIndex = 0; path = PhotosRetrieverTests.xctest; sourceTree = BUILT_PRODUCTS_DIR; };
		5773531C29E2183600478E14 /* PhotosRetrieverTests.swift */ = {isa = PBXFileReference; lastKnownFileType = sourcecode.swift; path = PhotosRetrieverTests.swift; sourceTree = "<group>"; };
		5773532229E2183600478E14 /* PhotosRetrieverUITests.xctest */ = {isa = PBXFileReference; explicitFileType = wrapper.cfbundle; includeInIndex = 0; path = PhotosRetrieverUITests.xctest; sourceTree = BUILT_PRODUCTS_DIR; };
		5773532629E2183600478E14 /* PhotosRetrieverUITests.swift */ = {isa = PBXFileReference; lastKnownFileType = sourcecode.swift; path = PhotosRetrieverUITests.swift; sourceTree = "<group>"; };
		5773532829E2183600478E14 /* PhotosRetrieverUITestsLaunchTests.swift */ = {isa = PBXFileReference; lastKnownFileType = sourcecode.swift; path = PhotosRetrieverUITestsLaunchTests.swift; sourceTree = "<group>"; };
		5773533529E21C8A00478E14 /* HTTPMethods.swift */ = {isa = PBXFileReference; fileEncoding = 4; lastKnownFileType = sourcecode.swift; path = HTTPMethods.swift; sourceTree = "<group>"; };
		5773533A29E21CED00478E14 /* NetworkError.swift */ = {isa = PBXFileReference; fileEncoding = 4; lastKnownFileType = sourcecode.swift; path = NetworkError.swift; sourceTree = "<group>"; };
		5773533D29E21D2C00478E14 /* APIRequestProtocol.swift */ = {isa = PBXFileReference; fileEncoding = 4; lastKnownFileType = sourcecode.swift; path = APIRequestProtocol.swift; sourceTree = "<group>"; };
		5773534029E21DE700478E14 /* APIClientProtocol.swift */ = {isa = PBXFileReference; fileEncoding = 4; lastKnownFileType = sourcecode.swift; path = APIClientProtocol.swift; sourceTree = "<group>"; };
		5773534429E2242500478E14 /* PhotosAPIClient.swift */ = {isa = PBXFileReference; lastKnownFileType = sourcecode.swift; path = PhotosAPIClient.swift; sourceTree = "<group>"; };
		5773534829E224E100478E14 /* Photo.swift */ = {isa = PBXFileReference; lastKnownFileType = sourcecode.swift; path = Photo.swift; sourceTree = "<group>"; };
		5773534B29E22DBF00478E14 /* PhotosRequests.swift */ = {isa = PBXFileReference; lastKnownFileType = sourcecode.swift; path = PhotosRequests.swift; sourceTree = "<group>"; };
		5773534E29E231ED00478E14 /* PhotosDataStoreProtocol.swift */ = {isa = PBXFileReference; lastKnownFileType = sourcecode.swift; path = PhotosDataStoreProtocol.swift; sourceTree = "<group>"; };
		5773535029E2328500478E14 /* RemotePhotosDataStore.swift */ = {isa = PBXFileReference; lastKnownFileType = sourcecode.swift; path = RemotePhotosDataStore.swift; sourceTree = "<group>"; };
		5773535329E233F200478E14 /* PhotosRepositroy.swift */ = {isa = PBXFileReference; lastKnownFileType = sourcecode.swift; path = PhotosRepositroy.swift; sourceTree = "<group>"; };
		5773535729E235F900478E14 /* ListItem.swift */ = {isa = PBXFileReference; lastKnownFileType = sourcecode.swift; path = ListItem.swift; sourceTree = "<group>"; };
		5773535A29E236C900478E14 /* PhotosListBuilder.swift */ = {isa = PBXFileReference; lastKnownFileType = sourcecode.swift; path = PhotosListBuilder.swift; sourceTree = "<group>"; };
		5773535D29E23A4F00478E14 /* PhotosListInteractor.swift */ = {isa = PBXFileReference; lastKnownFileType = sourcecode.swift; path = PhotosListInteractor.swift; sourceTree = "<group>"; };
		5773536029E23E3000478E14 /* PhotosListPresenter.swift */ = {isa = PBXFileReference; lastKnownFileType = sourcecode.swift; path = PhotosListPresenter.swift; sourceTree = "<group>"; };
		5773536429E23F9300478E14 /* Collection+PhotosRetriever.swift */ = {isa = PBXFileReference; lastKnownFileType = sourcecode.swift; path = "Collection+PhotosRetriever.swift"; sourceTree = "<group>"; };
		5773536729E241EB00478E14 /* PhotosListViewController.swift */ = {isa = PBXFileReference; lastKnownFileType = sourcecode.swift; path = PhotosListViewController.swift; sourceTree = "<group>"; };
		5773536A29E2436000478E14 /* PhotoTableViewCell.swift */ = {isa = PBXFileReference; lastKnownFileType = sourcecode.swift; path = PhotoTableViewCell.swift; sourceTree = "<group>"; };
		5773536B29E2436000478E14 /* PhotoTableViewCell.xib */ = {isa = PBXFileReference; lastKnownFileType = file.xib; path = PhotoTableViewCell.xib; sourceTree = "<group>"; };
		57D4C80529E2469E004B4172 /* UIImage+PhotosRetriever.swift */ = {isa = PBXFileReference; lastKnownFileType = sourcecode.swift; path = "UIImage+PhotosRetriever.swift"; sourceTree = "<group>"; };
		57D4C80829E2613D004B4172 /* ImageDownloader.swift */ = {isa = PBXFileReference; lastKnownFileType = sourcecode.swift; path = ImageDownloader.swift; sourceTree = "<group>"; };
		57D4C80A29E2630C004B4172 /* ImageCacher.swift */ = {isa = PBXFileReference; lastKnownFileType = sourcecode.swift; path = ImageCacher.swift; sourceTree = "<group>"; };
		57D4C80C29E263C4004B4172 /* DownloaderImageView.swift */ = {isa = PBXFileReference; lastKnownFileType = sourcecode.swift; path = DownloaderImageView.swift; sourceTree = "<group>"; };
		57D4C81029E26F05004B4172 /* DominantColorDetector.swift */ = {isa = PBXFileReference; lastKnownFileType = sourcecode.swift; path = DominantColorDetector.swift; sourceTree = "<group>"; };
/* End PBXFileReference section */

/* Begin PBXFrameworksBuildPhase section */
		577352FF29E2183400478E14 /* Frameworks */ = {
			isa = PBXFrameworksBuildPhase;
			buildActionMask = 2147483647;
			files = (
			);
			runOnlyForDeploymentPostprocessing = 0;
		};
		5773531529E2183600478E14 /* Frameworks */ = {
			isa = PBXFrameworksBuildPhase;
			buildActionMask = 2147483647;
			files = (
			);
			runOnlyForDeploymentPostprocessing = 0;
		};
		5773531F29E2183600478E14 /* Frameworks */ = {
			isa = PBXFrameworksBuildPhase;
			buildActionMask = 2147483647;
			files = (
			);
			runOnlyForDeploymentPostprocessing = 0;
		};
/* End PBXFrameworksBuildPhase section */

/* Begin PBXGroup section */
		577352F929E2183400478E14 = {
			isa = PBXGroup;
			children = (
				5773530429E2183400478E14 /* PhotosRetriever */,
				5773531B29E2183600478E14 /* PhotosRetrieverTests */,
				5773532529E2183600478E14 /* PhotosRetrieverUITests */,
				5773530329E2183400478E14 /* Products */,
			);
			sourceTree = "<group>";
		};
		5773530329E2183400478E14 /* Products */ = {
			isa = PBXGroup;
			children = (
				5773530229E2183400478E14 /* PhotosRetriever.app */,
				5773531829E2183600478E14 /* PhotosRetrieverTests.xctest */,
				5773532229E2183600478E14 /* PhotosRetrieverUITests.xctest */,
			);
			name = Products;
			sourceTree = "<group>";
		};
		5773530429E2183400478E14 /* PhotosRetriever */ = {
			isa = PBXGroup;
			children = (
				5773534629E224A300478E14 /* PhotosModule */,
				5773533729E21CA000478E14 /* Core */,
				5773536229E23F7300478E14 /* Utilites */,
				5773530529E2183400478E14 /* AppDelegate.swift */,
				5773530729E2183400478E14 /* SceneDelegate.swift */,
				5773530B29E2183400478E14 /* Main.storyboard */,
				5773530E29E2183500478E14 /* Assets.xcassets */,
				5773531029E2183500478E14 /* LaunchScreen.storyboard */,
				5773531329E2183500478E14 /* Info.plist */,
			);
			path = PhotosRetriever;
			sourceTree = "<group>";
		};
		5773531B29E2183600478E14 /* PhotosRetrieverTests */ = {
			isa = PBXGroup;
			children = (
				5773531C29E2183600478E14 /* PhotosRetrieverTests.swift */,
			);
			path = PhotosRetrieverTests;
			sourceTree = "<group>";
		};
		5773532529E2183600478E14 /* PhotosRetrieverUITests */ = {
			isa = PBXGroup;
			children = (
				5773532629E2183600478E14 /* PhotosRetrieverUITests.swift */,
				5773532829E2183600478E14 /* PhotosRetrieverUITestsLaunchTests.swift */,
			);
			path = PhotosRetrieverUITests;
			sourceTree = "<group>";
		};
		5773533729E21CA000478E14 /* Core */ = {
			isa = PBXGroup;
			children = (
				5773533829E21CA800478E14 /* NetworkLayer */,
			);
			path = Core;
			sourceTree = "<group>";
		};
		5773533829E21CA800478E14 /* NetworkLayer */ = {
			isa = PBXGroup;
			children = (
				5773533F29E21D5700478E14 /* APIClient */,
				5773533C29E21D1C00478E14 /* Request */,
				5773533929E21CB400478E14 /* Enums */,
			);
			path = NetworkLayer;
			sourceTree = "<group>";
		};
		5773533929E21CB400478E14 /* Enums */ = {
			isa = PBXGroup;
			children = (
				5773533529E21C8A00478E14 /* HTTPMethods.swift */,
				5773533A29E21CED00478E14 /* NetworkError.swift */,
			);
			path = Enums;
			sourceTree = "<group>";
		};
		5773533C29E21D1C00478E14 /* Request */ = {
			isa = PBXGroup;
			children = (
				5773533D29E21D2C00478E14 /* APIRequestProtocol.swift */,
			);
			path = Request;
			sourceTree = "<group>";
		};
		5773533F29E21D5700478E14 /* APIClient */ = {
			isa = PBXGroup;
			children = (
				5773534029E21DE700478E14 /* APIClientProtocol.swift */,
				5773534429E2242500478E14 /* PhotosAPIClient.swift */,
			);
			path = APIClient;
			sourceTree = "<group>";
		};
		5773534629E224A300478E14 /* PhotosModule */ = {
			isa = PBXGroup;
			children = (
				57D4C80E29E26E0B004B4172 /* PhotoDetails */,
				5773535529E2354A00478E14 /* PhotosList */,
				5773535229E2339000478E14 /* Repository */,
				5773534D29E230F500478E14 /* DataStore */,
				5773534A29E22C9300478E14 /* Request */,
				5773534729E224AB00478E14 /* Model */,
			);
			path = PhotosModule;
			sourceTree = "<group>";
		};
		5773534729E224AB00478E14 /* Model */ = {
			isa = PBXGroup;
			children = (
				5773534829E224E100478E14 /* Photo.swift */,
			);
			path = Model;
			sourceTree = "<group>";
		};
		5773534A29E22C9300478E14 /* Request */ = {
			isa = PBXGroup;
			children = (
				5773534B29E22DBF00478E14 /* PhotosRequests.swift */,
			);
			path = Request;
			sourceTree = "<group>";
		};
		5773534D29E230F500478E14 /* DataStore */ = {
			isa = PBXGroup;
			children = (
				5773534E29E231ED00478E14 /* PhotosDataStoreProtocol.swift */,
				5773535029E2328500478E14 /* RemotePhotosDataStore.swift */,
			);
			path = DataStore;
			sourceTree = "<group>";
		};
		5773535229E2339000478E14 /* Repository */ = {
			isa = PBXGroup;
			children = (
				5773535329E233F200478E14 /* PhotosRepositroy.swift */,
			);
			path = Repository;
			sourceTree = "<group>";
		};
		5773535529E2354A00478E14 /* PhotosList */ = {
			isa = PBXGroup;
			children = (
				5773536629E241A100478E14 /* Views */,
				5773535F29E23D3200478E14 /* Presenter */,
				5773535C29E2391F00478E14 /* Interactor */,
				5773535929E236AE00478E14 /* ListBuilder */,
				5773535629E2358A00478E14 /* ListItem */,
			);
			path = PhotosList;
			sourceTree = "<group>";
		};
		5773535629E2358A00478E14 /* ListItem */ = {
			isa = PBXGroup;
			children = (
				5773535729E235F900478E14 /* ListItem.swift */,
			);
			path = ListItem;
			sourceTree = "<group>";
		};
		5773535929E236AE00478E14 /* ListBuilder */ = {
			isa = PBXGroup;
			children = (
				5773535A29E236C900478E14 /* PhotosListBuilder.swift */,
			);
			path = ListBuilder;
			sourceTree = "<group>";
		};
		5773535C29E2391F00478E14 /* Interactor */ = {
			isa = PBXGroup;
			children = (
				5773535D29E23A4F00478E14 /* PhotosListInteractor.swift */,
			);
			path = Interactor;
			sourceTree = "<group>";
		};
		5773535F29E23D3200478E14 /* Presenter */ = {
			isa = PBXGroup;
			children = (
				5773536029E23E3000478E14 /* PhotosListPresenter.swift */,
			);
			path = Presenter;
			sourceTree = "<group>";
		};
		5773536229E23F7300478E14 /* Utilites */ = {
			isa = PBXGroup;
			children = (
				57D4C80729E260F2004B4172 /* ImageLoader */,
				5773536329E23F7A00478E14 /* Extensions */,
			);
			path = Utilites;
			sourceTree = "<group>";
		};
		5773536329E23F7A00478E14 /* Extensions */ = {
			isa = PBXGroup;
			children = (
				5773536429E23F9300478E14 /* Collection+PhotosRetriever.swift */,
				57D4C80529E2469E004B4172 /* UIImage+PhotosRetriever.swift */,
			);
			path = Extensions;
			sourceTree = "<group>";
		};
		5773536629E241A100478E14 /* Views */ = {
			isa = PBXGroup;
			children = (
				5773536929E2433E00478E14 /* Cells */,
				5773536729E241EB00478E14 /* PhotosListViewController.swift */,
			);
			path = Views;
			sourceTree = "<group>";
		};
		5773536929E2433E00478E14 /* Cells */ = {
			isa = PBXGroup;
			children = (
				5773536A29E2436000478E14 /* PhotoTableViewCell.swift */,
				5773536B29E2436000478E14 /* PhotoTableViewCell.xib */,
			);
			path = Cells;
			sourceTree = "<group>";
		};
		57D4C80729E260F2004B4172 /* ImageLoader */ = {
			isa = PBXGroup;
			children = (
				57D4C80829E2613D004B4172 /* ImageDownloader.swift */,
				57D4C80A29E2630C004B4172 /* ImageCacher.swift */,
				57D4C80C29E263C4004B4172 /* DownloaderImageView.swift */,
			);
			path = ImageLoader;
			sourceTree = "<group>";
		};
		57D4C80E29E26E0B004B4172 /* PhotoDetails */ = {
			isa = PBXGroup;
			children = (
				57D4C80F29E26EE8004B4172 /* DominantColorDetector */,
			);
			path = PhotoDetails;
			sourceTree = "<group>";
		};
		57D4C80F29E26EE8004B4172 /* DominantColorDetector */ = {
			isa = PBXGroup;
			children = (
				57D4C81029E26F05004B4172 /* DominantColorDetector.swift */,
			);
			path = DominantColorDetector;
			sourceTree = "<group>";
		};
/* End PBXGroup section */

/* Begin PBXNativeTarget section */
		5773530129E2183400478E14 /* PhotosRetriever */ = {
			isa = PBXNativeTarget;
			buildConfigurationList = 5773532C29E2183600478E14 /* Build configuration list for PBXNativeTarget "PhotosRetriever" */;
			buildPhases = (
				577352FE29E2183400478E14 /* Sources */,
				577352FF29E2183400478E14 /* Frameworks */,
				5773530029E2183400478E14 /* Resources */,
			);
			buildRules = (
			);
			dependencies = (
			);
			name = PhotosRetriever;
			productName = PhotosRetriever;
			productReference = 5773530229E2183400478E14 /* PhotosRetriever.app */;
			productType = "com.apple.product-type.application";
		};
		5773531729E2183600478E14 /* PhotosRetrieverTests */ = {
			isa = PBXNativeTarget;
			buildConfigurationList = 5773532F29E2183600478E14 /* Build configuration list for PBXNativeTarget "PhotosRetrieverTests" */;
			buildPhases = (
				5773531429E2183600478E14 /* Sources */,
				5773531529E2183600478E14 /* Frameworks */,
				5773531629E2183600478E14 /* Resources */,
			);
			buildRules = (
			);
			dependencies = (
				5773531A29E2183600478E14 /* PBXTargetDependency */,
			);
			name = PhotosRetrieverTests;
			productName = PhotosRetrieverTests;
			productReference = 5773531829E2183600478E14 /* PhotosRetrieverTests.xctest */;
			productType = "com.apple.product-type.bundle.unit-test";
		};
		5773532129E2183600478E14 /* PhotosRetrieverUITests */ = {
			isa = PBXNativeTarget;
			buildConfigurationList = 5773533229E2183600478E14 /* Build configuration list for PBXNativeTarget "PhotosRetrieverUITests" */;
			buildPhases = (
				5773531E29E2183600478E14 /* Sources */,
				5773531F29E2183600478E14 /* Frameworks */,
				5773532029E2183600478E14 /* Resources */,
			);
			buildRules = (
			);
			dependencies = (
				5773532429E2183600478E14 /* PBXTargetDependency */,
			);
			name = PhotosRetrieverUITests;
			productName = PhotosRetrieverUITests;
			productReference = 5773532229E2183600478E14 /* PhotosRetrieverUITests.xctest */;
			productType = "com.apple.product-type.bundle.ui-testing";
		};
/* End PBXNativeTarget section */

/* Begin PBXProject section */
		577352FA29E2183400478E14 /* Project object */ = {
			isa = PBXProject;
			attributes = {
				BuildIndependentTargetsInParallel = 1;
				LastSwiftUpdateCheck = 1430;
				LastUpgradeCheck = 1430;
				TargetAttributes = {
					5773530129E2183400478E14 = {
						CreatedOnToolsVersion = 14.3;
					};
					5773531729E2183600478E14 = {
						CreatedOnToolsVersion = 14.3;
						TestTargetID = 5773530129E2183400478E14;
					};
					5773532129E2183600478E14 = {
						CreatedOnToolsVersion = 14.3;
						TestTargetID = 5773530129E2183400478E14;
					};
				};
			};
			buildConfigurationList = 577352FD29E2183400478E14 /* Build configuration list for PBXProject "PhotosRetriever" */;
			compatibilityVersion = "Xcode 14.0";
			developmentRegion = en;
			hasScannedForEncodings = 0;
			knownRegions = (
				en,
				Base,
			);
			mainGroup = 577352F929E2183400478E14;
			productRefGroup = 5773530329E2183400478E14 /* Products */;
			projectDirPath = "";
			projectRoot = "";
			targets = (
				5773530129E2183400478E14 /* PhotosRetriever */,
				5773531729E2183600478E14 /* PhotosRetrieverTests */,
				5773532129E2183600478E14 /* PhotosRetrieverUITests */,
			);
		};
/* End PBXProject section */

/* Begin PBXResourcesBuildPhase section */
		5773530029E2183400478E14 /* Resources */ = {
			isa = PBXResourcesBuildPhase;
			buildActionMask = 2147483647;
			files = (
				5773536D29E2436000478E14 /* PhotoTableViewCell.xib in Resources */,
				5773531229E2183500478E14 /* LaunchScreen.storyboard in Resources */,
				5773530F29E2183500478E14 /* Assets.xcassets in Resources */,
				5773530D29E2183400478E14 /* Main.storyboard in Resources */,
			);
			runOnlyForDeploymentPostprocessing = 0;
		};
		5773531629E2183600478E14 /* Resources */ = {
			isa = PBXResourcesBuildPhase;
			buildActionMask = 2147483647;
			files = (
			);
			runOnlyForDeploymentPostprocessing = 0;
		};
		5773532029E2183600478E14 /* Resources */ = {
			isa = PBXResourcesBuildPhase;
			buildActionMask = 2147483647;
			files = (
			);
			runOnlyForDeploymentPostprocessing = 0;
		};
/* End PBXResourcesBuildPhase section */

/* Begin PBXSourcesBuildPhase section */
		577352FE29E2183400478E14 /* Sources */ = {
			isa = PBXSourcesBuildPhase;
			buildActionMask = 2147483647;
			files = (
				5773533629E21C8A00478E14 /* HTTPMethods.swift in Sources */,
				5773534529E2242500478E14 /* PhotosAPIClient.swift in Sources */,
				5773530629E2183400478E14 /* AppDelegate.swift in Sources */,
				5773536129E23E3000478E14 /* PhotosListPresenter.swift in Sources */,
				5773534929E224E100478E14 /* Photo.swift in Sources */,
				5773530829E2183400478E14 /* SceneDelegate.swift in Sources */,
				57D4C80D29E263C4004B4172 /* DownloaderImageView.swift in Sources */,
				5773533E29E21D2C00478E14 /* APIRequestProtocol.swift in Sources */,
				5773536C29E2436000478E14 /* PhotoTableViewCell.swift in Sources */,
				57D4C81129E26F05004B4172 /* DominantColorDetector.swift in Sources */,
				5773534129E21DE700478E14 /* APIClientProtocol.swift in Sources */,
				57D4C80B29E2630C004B4172 /* ImageCacher.swift in Sources */,
				5773535829E235F900478E14 /* ListItem.swift in Sources */,
				5773535E29E23A4F00478E14 /* PhotosListInteractor.swift in Sources */,
				5773534C29E22DBF00478E14 /* PhotosRequests.swift in Sources */,
				5773536529E23F9300478E14 /* Collection+PhotosRetriever.swift in Sources */,
				5773534F29E231ED00478E14 /* PhotosDataStoreProtocol.swift in Sources */,
				57D4C80929E2613D004B4172 /* ImageDownloader.swift in Sources */,
				5773536829E241EB00478E14 /* PhotosListViewController.swift in Sources */,
				5773535B29E236C900478E14 /* PhotosListBuilder.swift in Sources */,
				57D4C80629E2469E004B4172 /* UIImage+PhotosRetriever.swift in Sources */,
				5773535429E233F200478E14 /* PhotosRepositroy.swift in Sources */,
				5773535129E2328500478E14 /* RemotePhotosDataStore.swift in Sources */,
				5773533B29E21CED00478E14 /* NetworkError.swift in Sources */,
			);
			runOnlyForDeploymentPostprocessing = 0;
		};
		5773531429E2183600478E14 /* Sources */ = {
			isa = PBXSourcesBuildPhase;
			buildActionMask = 2147483647;
			files = (
				5773531D29E2183600478E14 /* PhotosRetrieverTests.swift in Sources */,
			);
			runOnlyForDeploymentPostprocessing = 0;
		};
		5773531E29E2183600478E14 /* Sources */ = {
			isa = PBXSourcesBuildPhase;
			buildActionMask = 2147483647;
			files = (
				5773532929E2183600478E14 /* PhotosRetrieverUITestsLaunchTests.swift in Sources */,
				5773532729E2183600478E14 /* PhotosRetrieverUITests.swift in Sources */,
			);
			runOnlyForDeploymentPostprocessing = 0;
		};
/* End PBXSourcesBuildPhase section */

/* Begin PBXTargetDependency section */
		5773531A29E2183600478E14 /* PBXTargetDependency */ = {
			isa = PBXTargetDependency;
			target = 5773530129E2183400478E14 /* PhotosRetriever */;
			targetProxy = 5773531929E2183600478E14 /* PBXContainerItemProxy */;
		};
		5773532429E2183600478E14 /* PBXTargetDependency */ = {
			isa = PBXTargetDependency;
			target = 5773530129E2183400478E14 /* PhotosRetriever */;
			targetProxy = 5773532329E2183600478E14 /* PBXContainerItemProxy */;
		};
/* End PBXTargetDependency section */

/* Begin PBXVariantGroup section */
		5773530B29E2183400478E14 /* Main.storyboard */ = {
			isa = PBXVariantGroup;
			children = (
				5773530C29E2183400478E14 /* Base */,
			);
			name = Main.storyboard;
			sourceTree = "<group>";
		};
		5773531029E2183500478E14 /* LaunchScreen.storyboard */ = {
			isa = PBXVariantGroup;
			children = (
				5773531129E2183500478E14 /* Base */,
			);
			name = LaunchScreen.storyboard;
			sourceTree = "<group>";
		};
/* End PBXVariantGroup section */

/* Begin XCBuildConfiguration section */
		5773532A29E2183600478E14 /* Debug */ = {
			isa = XCBuildConfiguration;
			buildSettings = {
				ALWAYS_SEARCH_USER_PATHS = NO;
				CLANG_ANALYZER_NONNULL = YES;
				CLANG_ANALYZER_NUMBER_OBJECT_CONVERSION = YES_AGGRESSIVE;
				CLANG_CXX_LANGUAGE_STANDARD = "gnu++20";
				CLANG_ENABLE_MODULES = YES;
				CLANG_ENABLE_OBJC_ARC = YES;
				CLANG_ENABLE_OBJC_WEAK = YES;
				CLANG_WARN_BLOCK_CAPTURE_AUTORELEASING = YES;
				CLANG_WARN_BOOL_CONVERSION = YES;
				CLANG_WARN_COMMA = YES;
				CLANG_WARN_CONSTANT_CONVERSION = YES;
				CLANG_WARN_DEPRECATED_OBJC_IMPLEMENTATIONS = YES;
				CLANG_WARN_DIRECT_OBJC_ISA_USAGE = YES_ERROR;
				CLANG_WARN_DOCUMENTATION_COMMENTS = YES;
				CLANG_WARN_EMPTY_BODY = YES;
				CLANG_WARN_ENUM_CONVERSION = YES;
				CLANG_WARN_INFINITE_RECURSION = YES;
				CLANG_WARN_INT_CONVERSION = YES;
				CLANG_WARN_NON_LITERAL_NULL_CONVERSION = YES;
				CLANG_WARN_OBJC_IMPLICIT_RETAIN_SELF = YES;
				CLANG_WARN_OBJC_LITERAL_CONVERSION = YES;
				CLANG_WARN_OBJC_ROOT_CLASS = YES_ERROR;
				CLANG_WARN_QUOTED_INCLUDE_IN_FRAMEWORK_HEADER = YES;
				CLANG_WARN_RANGE_LOOP_ANALYSIS = YES;
				CLANG_WARN_STRICT_PROTOTYPES = YES;
				CLANG_WARN_SUSPICIOUS_MOVE = YES;
				CLANG_WARN_UNGUARDED_AVAILABILITY = YES_AGGRESSIVE;
				CLANG_WARN_UNREACHABLE_CODE = YES;
				CLANG_WARN__DUPLICATE_METHOD_MATCH = YES;
				COPY_PHASE_STRIP = NO;
				DEBUG_INFORMATION_FORMAT = dwarf;
				ENABLE_STRICT_OBJC_MSGSEND = YES;
				ENABLE_TESTABILITY = YES;
				GCC_C_LANGUAGE_STANDARD = gnu11;
				GCC_DYNAMIC_NO_PIC = NO;
				GCC_NO_COMMON_BLOCKS = YES;
				GCC_OPTIMIZATION_LEVEL = 0;
				GCC_PREPROCESSOR_DEFINITIONS = (
					"DEBUG=1",
					"$(inherited)",
				);
				GCC_WARN_64_TO_32_BIT_CONVERSION = YES;
				GCC_WARN_ABOUT_RETURN_TYPE = YES_ERROR;
				GCC_WARN_UNDECLARED_SELECTOR = YES;
				GCC_WARN_UNINITIALIZED_AUTOS = YES_AGGRESSIVE;
				GCC_WARN_UNUSED_FUNCTION = YES;
				GCC_WARN_UNUSED_VARIABLE = YES;
				IPHONEOS_DEPLOYMENT_TARGET = 16.4;
				MTL_ENABLE_DEBUG_INFO = INCLUDE_SOURCE;
				MTL_FAST_MATH = YES;
				ONLY_ACTIVE_ARCH = YES;
				SDKROOT = iphoneos;
				SWIFT_ACTIVE_COMPILATION_CONDITIONS = DEBUG;
				SWIFT_OPTIMIZATION_LEVEL = "-Onone";
			};
			name = Debug;
		};
		5773532B29E2183600478E14 /* Release */ = {
			isa = XCBuildConfiguration;
			buildSettings = {
				ALWAYS_SEARCH_USER_PATHS = NO;
				CLANG_ANALYZER_NONNULL = YES;
				CLANG_ANALYZER_NUMBER_OBJECT_CONVERSION = YES_AGGRESSIVE;
				CLANG_CXX_LANGUAGE_STANDARD = "gnu++20";
				CLANG_ENABLE_MODULES = YES;
				CLANG_ENABLE_OBJC_ARC = YES;
				CLANG_ENABLE_OBJC_WEAK = YES;
				CLANG_WARN_BLOCK_CAPTURE_AUTORELEASING = YES;
				CLANG_WARN_BOOL_CONVERSION = YES;
				CLANG_WARN_COMMA = YES;
				CLANG_WARN_CONSTANT_CONVERSION = YES;
				CLANG_WARN_DEPRECATED_OBJC_IMPLEMENTATIONS = YES;
				CLANG_WARN_DIRECT_OBJC_ISA_USAGE = YES_ERROR;
				CLANG_WARN_DOCUMENTATION_COMMENTS = YES;
				CLANG_WARN_EMPTY_BODY = YES;
				CLANG_WARN_ENUM_CONVERSION = YES;
				CLANG_WARN_INFINITE_RECURSION = YES;
				CLANG_WARN_INT_CONVERSION = YES;
				CLANG_WARN_NON_LITERAL_NULL_CONVERSION = YES;
				CLANG_WARN_OBJC_IMPLICIT_RETAIN_SELF = YES;
				CLANG_WARN_OBJC_LITERAL_CONVERSION = YES;
				CLANG_WARN_OBJC_ROOT_CLASS = YES_ERROR;
				CLANG_WARN_QUOTED_INCLUDE_IN_FRAMEWORK_HEADER = YES;
				CLANG_WARN_RANGE_LOOP_ANALYSIS = YES;
				CLANG_WARN_STRICT_PROTOTYPES = YES;
				CLANG_WARN_SUSPICIOUS_MOVE = YES;
				CLANG_WARN_UNGUARDED_AVAILABILITY = YES_AGGRESSIVE;
				CLANG_WARN_UNREACHABLE_CODE = YES;
				CLANG_WARN__DUPLICATE_METHOD_MATCH = YES;
				COPY_PHASE_STRIP = NO;
				DEBUG_INFORMATION_FORMAT = "dwarf-with-dsym";
				ENABLE_NS_ASSERTIONS = NO;
				ENABLE_STRICT_OBJC_MSGSEND = YES;
				GCC_C_LANGUAGE_STANDARD = gnu11;
				GCC_NO_COMMON_BLOCKS = YES;
				GCC_WARN_64_TO_32_BIT_CONVERSION = YES;
				GCC_WARN_ABOUT_RETURN_TYPE = YES_ERROR;
				GCC_WARN_UNDECLARED_SELECTOR = YES;
				GCC_WARN_UNINITIALIZED_AUTOS = YES_AGGRESSIVE;
				GCC_WARN_UNUSED_FUNCTION = YES;
				GCC_WARN_UNUSED_VARIABLE = YES;
				IPHONEOS_DEPLOYMENT_TARGET = 16.4;
				MTL_ENABLE_DEBUG_INFO = NO;
				MTL_FAST_MATH = YES;
				SDKROOT = iphoneos;
				SWIFT_COMPILATION_MODE = wholemodule;
				SWIFT_OPTIMIZATION_LEVEL = "-O";
				VALIDATE_PRODUCT = YES;
			};
			name = Release;
		};
		5773532D29E2183600478E14 /* Debug */ = {
			isa = XCBuildConfiguration;
			buildSettings = {
				ASSETCATALOG_COMPILER_APPICON_NAME = AppIcon;
				ASSETCATALOG_COMPILER_GLOBAL_ACCENT_COLOR_NAME = AccentColor;
				CODE_SIGN_STYLE = Automatic;
				CURRENT_PROJECT_VERSION = 1;
				GENERATE_INFOPLIST_FILE = YES;
				INFOPLIST_FILE = PhotosRetriever/Info.plist;
				INFOPLIST_KEY_UIApplicationSupportsIndirectInputEvents = YES;
				INFOPLIST_KEY_UILaunchStoryboardName = LaunchScreen;
				INFOPLIST_KEY_UIMainStoryboardFile = Main;
				INFOPLIST_KEY_UISupportedInterfaceOrientations_iPad = "UIInterfaceOrientationPortrait UIInterfaceOrientationPortraitUpsideDown UIInterfaceOrientationLandscapeLeft UIInterfaceOrientationLandscapeRight";
				INFOPLIST_KEY_UISupportedInterfaceOrientations_iPhone = "UIInterfaceOrientationPortrait UIInterfaceOrientationLandscapeLeft UIInterfaceOrientationLandscapeRight";
				LD_RUNPATH_SEARCH_PATHS = (
					"$(inherited)",
					"@executable_path/Frameworks",
				);
				MARKETING_VERSION = 1.0;
				PRODUCT_BUNDLE_IDENTIFIER = MuhammadFareed.PhotosRetriever;
				PRODUCT_NAME = "$(TARGET_NAME)";
				SWIFT_EMIT_LOC_STRINGS = YES;
				SWIFT_VERSION = 5.0;
				TARGETED_DEVICE_FAMILY = "1,2";
			};
			name = Debug;
		};
		5773532E29E2183600478E14 /* Release */ = {
			isa = XCBuildConfiguration;
			buildSettings = {
				ASSETCATALOG_COMPILER_APPICON_NAME = AppIcon;
				ASSETCATALOG_COMPILER_GLOBAL_ACCENT_COLOR_NAME = AccentColor;
				CODE_SIGN_STYLE = Automatic;
				CURRENT_PROJECT_VERSION = 1;
				GENERATE_INFOPLIST_FILE = YES;
				INFOPLIST_FILE = PhotosRetriever/Info.plist;
				INFOPLIST_KEY_UIApplicationSupportsIndirectInputEvents = YES;
				INFOPLIST_KEY_UILaunchStoryboardName = LaunchScreen;
				INFOPLIST_KEY_UIMainStoryboardFile = Main;
				INFOPLIST_KEY_UISupportedInterfaceOrientations_iPad = "UIInterfaceOrientationPortrait UIInterfaceOrientationPortraitUpsideDown UIInterfaceOrientationLandscapeLeft UIInterfaceOrientationLandscapeRight";
				INFOPLIST_KEY_UISupportedInterfaceOrientations_iPhone = "UIInterfaceOrientationPortrait UIInterfaceOrientationLandscapeLeft UIInterfaceOrientationLandscapeRight";
				LD_RUNPATH_SEARCH_PATHS = (
					"$(inherited)",
					"@executable_path/Frameworks",
				);
				MARKETING_VERSION = 1.0;
				PRODUCT_BUNDLE_IDENTIFIER = MuhammadFareed.PhotosRetriever;
				PRODUCT_NAME = "$(TARGET_NAME)";
				SWIFT_EMIT_LOC_STRINGS = YES;
				SWIFT_VERSION = 5.0;
				TARGETED_DEVICE_FAMILY = "1,2";
			};
			name = Release;
		};
		5773533029E2183600478E14 /* Debug */ = {
			isa = XCBuildConfiguration;
			buildSettings = {
				ALWAYS_EMBED_SWIFT_STANDARD_LIBRARIES = YES;
				BUNDLE_LOADER = "$(TEST_HOST)";
				CODE_SIGN_STYLE = Automatic;
				CURRENT_PROJECT_VERSION = 1;
				GENERATE_INFOPLIST_FILE = YES;
				IPHONEOS_DEPLOYMENT_TARGET = 16.4;
				MARKETING_VERSION = 1.0;
				PRODUCT_BUNDLE_IDENTIFIER = MuhammadFareed.PhotosRetrieverTests;
				PRODUCT_NAME = "$(TARGET_NAME)";
				SWIFT_EMIT_LOC_STRINGS = NO;
				SWIFT_VERSION = 5.0;
				TARGETED_DEVICE_FAMILY = "1,2";
				TEST_HOST = "$(BUILT_PRODUCTS_DIR)/PhotosRetriever.app/$(BUNDLE_EXECUTABLE_FOLDER_PATH)/PhotosRetriever";
			};
			name = Debug;
		};
		5773533129E2183600478E14 /* Release */ = {
			isa = XCBuildConfiguration;
			buildSettings = {
				ALWAYS_EMBED_SWIFT_STANDARD_LIBRARIES = YES;
				BUNDLE_LOADER = "$(TEST_HOST)";
				CODE_SIGN_STYLE = Automatic;
				CURRENT_PROJECT_VERSION = 1;
				GENERATE_INFOPLIST_FILE = YES;
				IPHONEOS_DEPLOYMENT_TARGET = 16.4;
				MARKETING_VERSION = 1.0;
				PRODUCT_BUNDLE_IDENTIFIER = MuhammadFareed.PhotosRetrieverTests;
				PRODUCT_NAME = "$(TARGET_NAME)";
				SWIFT_EMIT_LOC_STRINGS = NO;
				SWIFT_VERSION = 5.0;
				TARGETED_DEVICE_FAMILY = "1,2";
				TEST_HOST = "$(BUILT_PRODUCTS_DIR)/PhotosRetriever.app/$(BUNDLE_EXECUTABLE_FOLDER_PATH)/PhotosRetriever";
			};
			name = Release;
		};
		5773533329E2183600478E14 /* Debug */ = {
			isa = XCBuildConfiguration;
			buildSettings = {
				ALWAYS_EMBED_SWIFT_STANDARD_LIBRARIES = YES;
				CODE_SIGN_STYLE = Automatic;
				CURRENT_PROJECT_VERSION = 1;
				GENERATE_INFOPLIST_FILE = YES;
				MARKETING_VERSION = 1.0;
				PRODUCT_BUNDLE_IDENTIFIER = MuhammadFareed.PhotosRetrieverUITests;
				PRODUCT_NAME = "$(TARGET_NAME)";
				SWIFT_EMIT_LOC_STRINGS = NO;
				SWIFT_VERSION = 5.0;
				TARGETED_DEVICE_FAMILY = "1,2";
				TEST_TARGET_NAME = PhotosRetriever;
			};
			name = Debug;
		};
		5773533429E2183600478E14 /* Release */ = {
			isa = XCBuildConfiguration;
			buildSettings = {
				ALWAYS_EMBED_SWIFT_STANDARD_LIBRARIES = YES;
				CODE_SIGN_STYLE = Automatic;
				CURRENT_PROJECT_VERSION = 1;
				GENERATE_INFOPLIST_FILE = YES;
				MARKETING_VERSION = 1.0;
				PRODUCT_BUNDLE_IDENTIFIER = MuhammadFareed.PhotosRetrieverUITests;
				PRODUCT_NAME = "$(TARGET_NAME)";
				SWIFT_EMIT_LOC_STRINGS = NO;
				SWIFT_VERSION = 5.0;
				TARGETED_DEVICE_FAMILY = "1,2";
				TEST_TARGET_NAME = PhotosRetriever;
			};
			name = Release;
		};
/* End XCBuildConfiguration section */

/* Begin XCConfigurationList section */
		577352FD29E2183400478E14 /* Build configuration list for PBXProject "PhotosRetriever" */ = {
			isa = XCConfigurationList;
			buildConfigurations = (
				5773532A29E2183600478E14 /* Debug */,
				5773532B29E2183600478E14 /* Release */,
			);
			defaultConfigurationIsVisible = 0;
			defaultConfigurationName = Release;
		};
		5773532C29E2183600478E14 /* Build configuration list for PBXNativeTarget "PhotosRetriever" */ = {
			isa = XCConfigurationList;
			buildConfigurations = (
				5773532D29E2183600478E14 /* Debug */,
				5773532E29E2183600478E14 /* Release */,
			);
			defaultConfigurationIsVisible = 0;
			defaultConfigurationName = Release;
		};
		5773532F29E2183600478E14 /* Build configuration list for PBXNativeTarget "PhotosRetrieverTests" */ = {
			isa = XCConfigurationList;
			buildConfigurations = (
				5773533029E2183600478E14 /* Debug */,
				5773533129E2183600478E14 /* Release */,
			);
			defaultConfigurationIsVisible = 0;
			defaultConfigurationName = Release;
		};
		5773533229E2183600478E14 /* Build configuration list for PBXNativeTarget "PhotosRetrieverUITests" */ = {
			isa = XCConfigurationList;
			buildConfigurations = (
				5773533329E2183600478E14 /* Debug */,
				5773533429E2183600478E14 /* Release */,
			);
			defaultConfigurationIsVisible = 0;
			defaultConfigurationName = Release;
		};
/* End XCConfigurationList section */
	};
	rootObject = 577352FA29E2183400478E14 /* Project object */;
}
